
Microsoft Visual Studio Solution File, Format Version 12.00
# Visual Studio Version 16
VisualStudioVersion = 16.0.28917.181
MinimumVisualStudioVersion = 15.0.26124.0
Project("{2150E333-8FDC-42A3-9474-1A3956D46DE8}") = "Solution Items", "Solution Items", "{21DF6911-6888-4ECA-B784-D20825E47A11}"
	ProjectSection(SolutionItems) = preProject
		.gitignore = .gitignore
		azure-pipelines.yml = azure-pipelines.yml
		LICENSE = LICENSE
		README.md = README.md
	EndProjectSection
EndProject
Project("{FAE04EC0-301F-11D3-BF4B-00C04F79EFBC}") = "CityOfHeroesPlanner.WebApp", "CityOfHeroesPlanner.WebApp\CityOfHeroesPlanner.WebApp.csproj", "{F83A10FC-F9C7-49C1-A5E6-FB94B2202285}"
EndProject
Project("{FAE04EC0-301F-11D3-BF4B-00C04F79EFBC}") = "CityOfHeroesPlanner.WebApp.Tests", "CityOfHeroesPlanner.WebApp.Tests\CityOfHeroesPlanner.WebApp.Tests.csproj", "{6DA95F8E-23D3-4C75-8416-CB25156196A0}"
EndProject
Global
	GlobalSection(SolutionConfigurationPlatforms) = preSolution
		Debug|Any CPU = Debug|Any CPU
		Release|Any CPU = Release|Any CPU
	EndGlobalSection
	GlobalSection(ProjectConfigurationPlatforms) = postSolution
		{F83A10FC-F9C7-49C1-A5E6-FB94B2202285}.Debug|Any CPU.ActiveCfg = Debug|Any CPU
		{F83A10FC-F9C7-49C1-A5E6-FB94B2202285}.Debug|Any CPU.Build.0 = Debug|Any CPU
		{F83A10FC-F9C7-49C1-A5E6-FB94B2202285}.Release|Any CPU.ActiveCfg = Release|Any CPU
		{F83A10FC-F9C7-49C1-A5E6-FB94B2202285}.Release|Any CPU.Build.0 = Release|Any CPU
		{6DA95F8E-23D3-4C75-8416-CB25156196A0}.Debug|Any CPU.ActiveCfg = Debug|Any CPU
		{6DA95F8E-23D3-4C75-8416-CB25156196A0}.Debug|Any CPU.Build.0 = Debug|Any CPU
		{6DA95F8E-23D3-4C75-8416-CB25156196A0}.Release|Any CPU.ActiveCfg = Release|Any CPU
		{6DA95F8E-23D3-4C75-8416-CB25156196A0}.Release|Any CPU.Build.0 = Release|Any CPU
	EndGlobalSection
	GlobalSection(SolutionProperties) = preSolution
		HideSolutionNode = FALSE
	EndGlobalSection
	GlobalSection(ExtensibilityGlobals) = postSolution
		SolutionGuid = {EB3E443D-29D5-4ACC-8AC3-81A3216E12D6}
	EndGlobalSection
EndGlobal
