index: 6085
full_name: Temporary_Powers.Temporary_Powers.Mystic_Fortune_Lock
group_name: Temporary_Powers
set_name: Temporary_Powers
name: Mystic_Fortune_Lock
display: Mystic Fortune
requirement:
  class_names: []
  class_names_not: []
  power_ids: []
  power_ids_not: []
power_type: 1
accuracy: 1
group_memberships: []
entities_affected: 1
entities_auto_hit: 1
target: 1
target_line_of_sight: true
activate_period: 50000
effect_area: 1
max_boosts: ''
life_time: 1200
number_allowed: 1
boosts_allowed: []
ignore_strength: true
description_short: Special
description_long: You can read the fortune of any player.  This grants a random permanent buff for 20 minutes, and they may not have their fortune read again during that time.
enhancements: []
set_types: []
level: 1
variable_name: ''
sub_powers: []
ignore_enhancements: []
ignore_buffs: []
mutually_exclusive_auto: true
forced_class: ''
effects:
- power_full_name: Temporary_Powers.Temporary_Powers.Mystic_Fortune_Lock
  unique_id: 1
  effect_type: 77
  summon: ''
  base_probability: 1
  to_who: 2
  scale: 1
  magnitude: 1
  aspect: 2
  modifier_table: Ranged_Ones
  uid_class_name: ''
  id_class_name: -1
  magnitude_expression: ''
  reward: ''
  effect_id: Ones
  override: ''
